
Microsoft Visual Studio Solution File, Format Version 12.00
# Visual Studio Version 17
VisualStudioVersion = 17.13.35818.85 d17.13
MinimumVisualStudioVersion = 10.0.40219.1
Project("{FAE04EC0-301F-11D3-BF4B-00C04F79EFBC}") = "APIDeBiblioteca", "APIDeBiblioteca.csproj", "{2488C110-B0FD-41E8-A7C2-69600649B2FC}"
EndProject
Global
	GlobalSection(SolutionConfigurationPlatforms) = preSolution
		Debug|Any CPU = Debug|Any CPU
		Release|Any CPU = Release|Any CPU
	EndGlobalSection
	GlobalSection(ProjectConfigurationPlatforms) = postSolution
		{2488C110-B0FD-41E8-A7C2-69600649B2FC}.Debug|Any CPU.ActiveCfg = Debug|Any CPU
		{2488C110-B0FD-41E8-A7C2-69600649B2FC}.Debug|Any CPU.Build.0 = Debug|Any CPU
		{2488C110-B0FD-41E8-A7C2-69600649B2FC}.Release|Any CPU.ActiveCfg = Release|Any CPU
		{2488C110-B0FD-41E8-A7C2-69600649B2FC}.Release|Any CPU.Build.0 = Release|Any CPU
	EndGlobalSection
	GlobalSection(SolutionProperties) = preSolution
		HideSolutionNode = FALSE
	EndGlobalSection
	GlobalSection(ExtensibilityGlobals) = postSolution
		SolutionGuid = {44759DC4-9A18-480C-8564-5B20DCC9D274}
	EndGlobalSection
EndGlobal
